
Microsoft Visual Studio Solution File, Format Version 12.00
# Visual Studio Version 16
VisualStudioVersion = 16.0.29709.97
MinimumVisualStudioVersion = 10.0.40219.1
Project("{9A19103F-16F7-4668-BE54-9A1E7A4F7556}") = "1. Fibonacci", "DynamicProgramming\1. Fibonacci.csproj", "{AFCA87FC-1F1E-4755-BBE8-0201D396A959}"
EndProject
Project("{9A19103F-16F7-4668-BE54-9A1E7A4F7556}") = "2.SubsetSum", "2.SubsetSum\2.SubsetSum.csproj", "{B48A2657-FBB7-4256-A069-EF8B0DAD87E9}"
EndProject
Project("{9A19103F-16F7-4668-BE54-9A1E7A4F7556}") = "3.Move DownRight", "3.Move DownRight\3.Move DownRight.csproj", "{6B5A4AB8-CCA9-4B81-B469-94E2CA15146F}"
EndProject
Project("{FAE04EC0-301F-11D3-BF4B-00C04F79EFBC}") = "BinomialCoefficients", "BinomialCoefficients\BinomialCoefficients.csproj", "{5D61BE46-B8C7-4EE1-B287-BE08717B7EA6}"
EndProject
Global
	GlobalSection(SolutionConfigurationPlatforms) = preSolution
		Debug|Any CPU = Debug|Any CPU
		Release|Any CPU = Release|Any CPU
	EndGlobalSection
	GlobalSection(ProjectConfigurationPlatforms) = postSolution
		{AFCA87FC-1F1E-4755-BBE8-0201D396A959}.Debug|Any CPU.ActiveCfg = Debug|Any CPU
		{AFCA87FC-1F1E-4755-BBE8-0201D396A959}.Debug|Any CPU.Build.0 = Debug|Any CPU
		{AFCA87FC-1F1E-4755-BBE8-0201D396A959}.Release|Any CPU.ActiveCfg = Release|Any CPU
		{AFCA87FC-1F1E-4755-BBE8-0201D396A959}.Release|Any CPU.Build.0 = Release|Any CPU
		{B48A2657-FBB7-4256-A069-EF8B0DAD87E9}.Debug|Any CPU.ActiveCfg = Debug|Any CPU
		{B48A2657-FBB7-4256-A069-EF8B0DAD87E9}.Debug|Any CPU.Build.0 = Debug|Any CPU
		{B48A2657-FBB7-4256-A069-EF8B0DAD87E9}.Release|Any CPU.ActiveCfg = Release|Any CPU
		{B48A2657-FBB7-4256-A069-EF8B0DAD87E9}.Release|Any CPU.Build.0 = Release|Any CPU
		{6B5A4AB8-CCA9-4B81-B469-94E2CA15146F}.Debug|Any CPU.ActiveCfg = Debug|Any CPU
		{6B5A4AB8-CCA9-4B81-B469-94E2CA15146F}.Debug|Any CPU.Build.0 = Debug|Any CPU
		{6B5A4AB8-CCA9-4B81-B469-94E2CA15146F}.Release|Any CPU.ActiveCfg = Release|Any CPU
		{6B5A4AB8-CCA9-4B81-B469-94E2CA15146F}.Release|Any CPU.Build.0 = Release|Any CPU
		{5D61BE46-B8C7-4EE1-B287-BE08717B7EA6}.Debug|Any CPU.ActiveCfg = Debug|Any CPU
		{5D61BE46-B8C7-4EE1-B287-BE08717B7EA6}.Debug|Any CPU.Build.0 = Debug|Any CPU
		{5D61BE46-B8C7-4EE1-B287-BE08717B7EA6}.Release|Any CPU.ActiveCfg = Release|Any CPU
		{5D61BE46-B8C7-4EE1-B287-BE08717B7EA6}.Release|Any CPU.Build.0 = Release|Any CPU
	EndGlobalSection
	GlobalSection(SolutionProperties) = preSolution
		HideSolutionNode = FALSE
	EndGlobalSection
	GlobalSection(ExtensibilityGlobals) = postSolution
		SolutionGuid = {2C269C5B-119C-4D8E-B43E-6AE1161830AB}
	EndGlobalSection
EndGlobal
